// !$*UTF8*$!
{
	archiveVersion = 1;
	classes = {
	};
	objectVersion = 50;
	objects = {

/* Begin PBXBuildFile section */
		59BFF7D72238A37D00C56623 /* AppDelegate.swift in Sources */ = {isa = PBXBuildFile; fileRef = 59BFF7D62238A37D00C56623 /* AppDelegate.swift */; };
		59BFF7D92238A37D00C56623 /* ViewController.swift in Sources */ = {isa = PBXBuildFile; fileRef = 59BFF7D82238A37D00C56623 /* ViewController.swift */; };
		59BFF7DC2238A37D00C56623 /* Main.storyboard in Resources */ = {isa = PBXBuildFile; fileRef = 59BFF7DA2238A37D00C56623 /* Main.storyboard */; };
		59BFF7DE2238A37E00C56623 /* Assets.xcassets in Resources */ = {isa = PBXBuildFile; fileRef = 59BFF7DD2238A37E00C56623 /* Assets.xcassets */; };
		59BFF7E12238A37E00C56623 /* LaunchScreen.storyboard in Resources */ = {isa = PBXBuildFile; fileRef = 59BFF7DF2238A37E00C56623 /* LaunchScreen.storyboard */; };
/* End PBXBuildFile section */

/* Begin PBXFileReference section */
		59BFF7D32238A37D00C56623 /* 00457045.app */ = {isa = PBXFileReference; explicitFileType = wrapper.application; includeInIndex = 0; path = 00457045.app; sourceTree = BUILT_PRODUCTS_DIR; };
		59BFF7D62238A37D00C56623 /* AppDelegate.swift */ = {isa = PBXFileReference; lastKnownFileType = sourcecode.swift; path = AppDelegate.swift; sourceTree = "<group>"; };
		59BFF7D82238A37D00C56623 /* ViewController.swift */ = {isa = PBXFileReference; lastKnownFileType = sourcecode.swift; path = ViewController.swift; sourceTree = "<group>"; };
		59BFF7DB2238A37D00C56623 /* Base */ = {isa = PBXFileReference; lastKnownFileType = file.storyboard; name = Base; path = Base.lproj/Main.storyboard; sourceTree = "<group>"; };
		59BFF7DD2238A37E00C56623 /* Assets.xcassets */ = {isa = PBXFileReference; lastKnownFileType = folder.assetcatalog; path = Assets.xcassets; sourceTree = "<group>"; };
		59BFF7E02238A37E00C56623 /* Base */ = {isa = PBXFileReference; lastKnownFileType = file.storyboard; name = Base; path = Base.lproj/LaunchScreen.storyboard; sourceTree = "<group>"; };
		59BFF7E22238A37E00C56623 /* Info.plist */ = {isa = PBXFileReference; lastKnownFileType = text.plist.xml; path = Info.plist; sourceTree = "<group>"; };
/* End PBXFileReference section */

/* Begin PBXFrameworksBuildPhase section */
		59BFF7D02238A37D00C56623 /* Frameworks */ = {
			isa = PBXFrameworksBuildPhase;
			buildActionMask = 2147483647;
			files = (
			);
			runOnlyForDeploymentPostprocessing = 0;
		};
/* End PBXFrameworksBuildPhase section */

/* Begin PBXGroup section */
		59BFF7CA2238A37D00C56623 = {
			isa = PBXGroup;
			children = (
				59BFF7D52238A37D00C56623 /* 00457045 */,
				59BFF7D42238A37D00C56623 /* Products */,
			);
			sourceTree = "<group>";
		};
		59BFF7D42238A37D00C56623 /* Products */ = {
			isa = PBXGroup;
			children = (
				59BFF7D32238A37D00C56623 /* 00457045.app */,
			);
			name = Products;
			sourceTree = "<group>";
		};
		59BFF7D52238A37D00C56623 /* 00457045 */ = {
			isa = PBXGroup;
			children = (
				59BFF7D62238A37D00C56623 /* AppDelegate.swift */,
				59BFF7D82238A37D00C56623 /* ViewController.swift */,
				59BFF7DA2238A37D00C56623 /* Main.storyboard */,
				59BFF7DD2238A37E00C56623 /* Assets.xcassets */,
				59BFF7DF2238A37E00C56623 /* LaunchScreen.storyboard */,
				59BFF7E22238A37E00C56623 /* Info.plist */,
			);
			path = 00457045;
			sourceTree = "<group>";
		};
/* End PBXGroup section */

/* Begin PBXNativeTarget section */
		59BFF7D22238A37D00C56623 /* 00457045 */ = {
			isa = PBXNativeTarget;
			buildConfigurationList = 59BFF7E52238A37E00C56623 /* Build configuration list for PBXNativeTarget "00457045" */;
			buildPhases = (
				59BFF7CF2238A37D00C56623 /* Sources */,
				59BFF7D02238A37D00C56623 /* Frameworks */,
				59BFF7D12238A37D00C56623 /* Resources */,
			);
			buildRules = (
			);
			dependencies = (
			);
			name = 00457045;
			productName = 00457045;
			productReference = 59BFF7D32238A37D00C56623 /* 00457045.app */;
			productType = "com.apple.product-type.application";
		};
/* End PBXNativeTarget section */

/* Begin PBXProject section */
		59BFF7CB2238A37D00C56623 /* Project object */ = {
			isa = PBXProject;
			attributes = {
				KnownAssetTags = (
					"主頁",
				);
				LastSwiftUpdateCheck = 1010;
				LastUpgradeCheck = 1010;
				ORGANIZATIONNAME = ntoucs;
				TargetAttributes = {
					59BFF7D22238A37D00C56623 = {
						CreatedOnToolsVersion = 10.1;
					};
				};
			};
			buildConfigurationList = 59BFF7CE2238A37D00C56623 /* Build configuration list for PBXProject "00457045" */;
			compatibilityVersion = "Xcode 9.3";
			developmentRegion = en;
			hasScannedForEncodings = 0;
			knownRegions = (
				en,
				Base,
			);
			mainGroup = 59BFF7CA2238A37D00C56623;
			productRefGroup = 59BFF7D42238A37D00C56623 /* Products */;
			projectDirPath = "";
			projectRoot = "";
			targets = (
				59BFF7D22238A37D00C56623 /* 00457045 */,
			);
		};
/* End PBXProject section */

/* Begin PBXResourcesBuildPhase section */
		59BFF7D12238A37D00C56623 /* Resources */ = {
			isa = PBXResourcesBuildPhase;
			buildActionMask = 2147483647;
			files = (
				59BFF7E12238A37E00C56623 /* LaunchScreen.storyboard in Resources */,
				59BFF7DE2238A37E00C56623 /* Assets.xcassets in Resources */,
				59BFF7DC2238A37D00C56623 /* Main.storyboard in Resources */,
			);
			runOnlyForDeploymentPostprocessing = 0;
		};
/* End PBXResourcesBuildPhase section */

/* Begin PBXSourcesBuildPhase section */
		59BFF7CF2238A37D00C56623 /* Sources */ = {
			isa = PBXSourcesBuildPhase;
			buildActionMask = 2147483647;
			files = (
				59BFF7D92238A37D00C56623 /* ViewController.swift in Sources */,
				59BFF7D72238A37D00C56623 /* AppDelegate.swift in Sources */,
			);
			runOnlyForDeploymentPostprocessing = 0;
		};
/* End PBXSourcesBuildPhase section */

/* Begin PBXVariantGroup section */
		59BFF7DA2238A37D00C56623 /* Main.storyboard */ = {
			isa = PBXVariantGroup;
			children = (
				59BFF7DB2238A37D00C56623 /* Base */,
			);
			name = Main.storyboard;
			sourceTree = "<group>";
		};
		59BFF7DF2238A37E00C56623 /* LaunchScreen.storyboard */ = {
			isa = PBXVariantGroup;
			children = (
				59BFF7E02238A37E00C56623 /* Base */,
			);
			name = LaunchScreen.storyboard;
			sourceTree = "<group>";
		};
/* End PBXVariantGroup section */

/* Begin XCBuildConfiguration section */
		59BFF7E32238A37E00C56623 /* Debug */ = {
			isa = XCBuildConfiguration;
			buildSettings = {
				ALWAYS_SEARCH_USER_PATHS = NO;
				CLANG_ANALYZER_NONNULL = YES;
				CLANG_ANALYZER_NUMBER_OBJECT_CONVERSION = YES_AGGRESSIVE;
				CLANG_CXX_LANGUAGE_STANDARD = "gnu++14";
				CLANG_CXX_LIBRARY = "libc++";
				CLANG_ENABLE_MODULES = YES;
				CLANG_ENABLE_OBJC_ARC = YES;
				CLANG_ENABLE_OBJC_WEAK = YES;
				CLANG_WARN_BLOCK_CAPTURE_AUTORELEASING = YES;
				CLANG_WARN_BOOL_CONVERSION = YES;
				CLANG_WARN_COMMA = YES;
				CLANG_WARN_CONSTANT_CONVERSION = YES;
				CLANG_WARN_DEPRECATED_OBJC_IMPLEMENTATIONS = YES;
				CLANG_WARN_DIRECT_OBJC_ISA_USAGE = YES_ERROR;
				CLANG_WARN_DOCUMENTATION_COMMENTS = YES;
				CLANG_WARN_EMPTY_BODY = YES;
				CLANG_WARN_ENUM_CONVERSION = YES;
				CLANG_WARN_INFINITE_RECURSION = YES;
				CLANG_WARN_INT_CONVERSION = YES;
				CLANG_WARN_NON_LITERAL_NULL_CONVERSION = YES;
				CLANG_WARN_OBJC_IMPLICIT_RETAIN_SELF = YES;
				CLANG_WARN_OBJC_LITERAL_CONVERSION = YES;
				CLANG_WARN_OBJC_ROOT_CLASS = YES_ERROR;
				CLANG_WARN_RANGE_LOOP_ANALYSIS = YES;
				CLANG_WARN_STRICT_PROTOTYPES = YES;
				CLANG_WARN_SUSPICIOUS_MOVE = YES;
				CLANG_WARN_UNGUARDED_AVAILABILITY = YES_AGGRESSIVE;
				CLANG_WARN_UNREACHABLE_CODE = YES;
				CLANG_WARN__DUPLICATE_METHOD_MATCH = YES;
				CODE_SIGN_IDENTITY = "iPhone Developer";
				COPY_PHASE_STRIP = NO;
				DEBUG_INFORMATION_FORMAT = dwarf;
				ENABLE_STRICT_OBJC_MSGSEND = YES;
				ENABLE_TESTABILITY = YES;
				GCC_C_LANGUAGE_STANDARD = gnu11;
				GCC_DYNAMIC_NO_PIC = NO;
				GCC_NO_COMMON_BLOCKS = YES;
				GCC_OPTIMIZATION_LEVEL = 0;
				GCC_PREPROCESSOR_DEFINITIONS = (
					"DEBUG=1",
					"$(inherited)",
				);
				GCC_WARN_64_TO_32_BIT_CONVERSION = YES;
				GCC_WARN_ABOUT_RETURN_TYPE = YES_ERROR;
				GCC_WARN_UNDECLARED_SELECTOR = YES;
				GCC_WARN_UNINITIALIZED_AUTOS = YES_AGGRESSIVE;
				GCC_WARN_UNUSED_FUNCTION = YES;
				GCC_WARN_UNUSED_VARIABLE = YES;
				IPHONEOS_DEPLOYMENT_TARGET = 12.1;
				MTL_ENABLE_DEBUG_INFO = INCLUDE_SOURCE;
				MTL_FAST_MATH = YES;
				ONLY_ACTIVE_ARCH = YES;
				SDKROOT = iphoneos;
				SWIFT_ACTIVE_COMPILATION_CONDITIONS = DEBUG;
				SWIFT_OPTIMIZATION_LEVEL = "-Onone";
			};
			name = Debug;
		};
		59BFF7E42238A37E00C56623 /* Release */ = {
			isa = XCBuildConfiguration;
			buildSettings = {
				ALWAYS_SEARCH_USER_PATHS = NO;
				CLANG_ANALYZER_NONNULL = YES;
				CLANG_ANALYZER_NUMBER_OBJECT_CONVERSION = YES_AGGRESSIVE;
				CLANG_CXX_LANGUAGE_STANDARD = "gnu++14";
				CLANG_CXX_LIBRARY = "libc++";
				CLANG_ENABLE_MODULES = YES;
				CLANG_ENABLE_OBJC_ARC = YES;
				CLANG_ENABLE_OBJC_WEAK = YES;
				CLANG_WARN_BLOCK_CAPTURE_AUTORELEASING = YES;
				CLANG_WARN_BOOL_CONVERSION = YES;
				CLANG_WARN_COMMA = YES;
				CLANG_WARN_CONSTANT_CONVERSION = YES;
				CLANG_WARN_DEPRECATED_OBJC_IMPLEMENTATIONS = YES;
				CLANG_WARN_DIRECT_OBJC_ISA_USAGE = YES_ERROR;
				CLANG_WARN_DOCUMENTATION_COMMENTS = YES;
				CLANG_WARN_EMPTY_BODY = YES;
				CLANG_WARN_ENUM_CONVERSION = YES;
				CLANG_WARN_INFINITE_RECURSION = YES;
				CLANG_WARN_INT_CONVERSION = YES;
				CLANG_WARN_NON_LITERAL_NULL_CONVERSION = YES;
				CLANG_WARN_OBJC_IMPLICIT_RETAIN_SELF = YES;
				CLANG_WARN_OBJC_LITERAL_CONVERSION = YES;
				CLANG_WARN_OBJC_ROOT_CLASS = YES_ERROR;
				CLANG_WARN_RANGE_LOOP_ANALYSIS = YES;
				CLANG_WARN_STRICT_PROTOTYPES = YES;
				CLANG_WARN_SUSPICIOUS_MOVE = YES;
				CLANG_WARN_UNGUARDED_AVAILABILITY = YES_AGGRESSIVE;
				CLANG_WARN_UNREACHABLE_CODE = YES;
				CLANG_WARN__DUPLICATE_METHOD_MATCH = YES;
				CODE_SIGN_IDENTITY = "iPhone Developer";
				COPY_PHASE_STRIP = NO;
				DEBUG_INFORMATION_FORMAT = "dwarf-with-dsym";
				ENABLE_NS_ASSERTIONS = NO;
				ENABLE_STRICT_OBJC_MSGSEND = YES;
				GCC_C_LANGUAGE_STANDARD = gnu11;
				GCC_NO_COMMON_BLOCKS = YES;
				GCC_WARN_64_TO_32_BIT_CONVERSION = YES;
				GCC_WARN_ABOUT_RETURN_TYPE = YES_ERROR;
				GCC_WARN_UNDECLARED_SELECTOR = YES;
				GCC_WARN_UNINITIALIZED_AUTOS = YES_AGGRESSIVE;
				GCC_WARN_UNUSED_FUNCTION = YES;
				GCC_WARN_UNUSED_VARIABLE = YES;
				IPHONEOS_DEPLOYMENT_TARGET = 12.1;
				MTL_ENABLE_DEBUG_INFO = NO;
				MTL_FAST_MATH = YES;
				SDKROOT = iphoneos;
				SWIFT_COMPILATION_MODE = wholemodule;
				SWIFT_OPTIMIZATION_LEVEL = "-O";
				VALIDATE_PRODUCT = YES;
			};
			name = Release;
		};
		59BFF7E62238A37E00C56623 /* Debug */ = {
			isa = XCBuildConfiguration;
			buildSettings = {
				ASSETCATALOG_COMPILER_APPICON_NAME = AppIcon;
				CODE_SIGN_STYLE = Automatic;
				DEVELOPMENT_TEAM = QVL8RL5M9D;
				INFOPLIST_FILE = 00457045/Info.plist;
				LD_RUNPATH_SEARCH_PATHS = (
					"$(inherited)",
					"@executable_path/Frameworks",
				);
				PRODUCT_BUNDLE_IDENTIFIER = "com.lin.-0457045";
				PRODUCT_NAME = "$(TARGET_NAME)";
				SWIFT_VERSION = 4.2;
				TARGETED_DEVICE_FAMILY = "1,2";
			};
			name = Debug;
		};
		59BFF7E72238A37E00C56623 /* Release */ = {
			isa = XCBuildConfiguration;
			buildSettings = {
				ASSETCATALOG_COMPILER_APPICON_NAME = AppIcon;
				CODE_SIGN_STYLE = Automatic;
				DEVELOPMENT_TEAM = QVL8RL5M9D;
				INFOPLIST_FILE = 00457045/Info.plist;
				LD_RUNPATH_SEARCH_PATHS = (
					"$(inherited)",
					"@executable_path/Frameworks",
				);
				PRODUCT_BUNDLE_IDENTIFIER = "com.lin.-0457045";
				PRODUCT_NAME = "$(TARGET_NAME)";
				SWIFT_VERSION = 4.2;
				TARGETED_DEVICE_FAMILY = "1,2";
			};
			name = Release;
		};
/* End XCBuildConfiguration section */

/* Begin XCConfigurationList section */
		59BFF7CE2238A37D00C56623 /* Build configuration list for PBXProject "00457045" */ = {
			isa = XCConfigurationList;
			buildConfigurations = (
				59BFF7E32238A37E00C56623 /* Debug */,
				59BFF7E42238A37E00C56623 /* Release */,
			);
			defaultConfigurationIsVisible = 0;
			defaultConfigurationName = Release;
		};
		59BFF7E52238A37E00C56623 /* Build configuration list for PBXNativeTarget "00457045" */ = {
			isa = XCConfigurationList;
			buildConfigurations = (
				59BFF7E62238A37E00C56623 /* Debug */,
				59BFF7E72238A37E00C56623 /* Release */,
			);
			defaultConfigurationIsVisible = 0;
			defaultConfigurationName = Release;
		};
/* End XCConfigurationList section */
	};
	rootObject = 59BFF7CB2238A37D00C56623 /* Project object */;
}
